<?xml version="1.0" encoding="UTF-8" standalone="yes" ?>
<CodeBlocks_project_file>
	<FileVersion major="1" minor="6" />
	<Project>
		<Option title="Mobile Banking System" />
		<Option pch_mode="2" />
		<Option compiler="gcc" />
		<Build>
			<Target title="Debug">
				<Option output="bin/Debug/Mobile Banking System" prefix_auto="1" extension_auto="1" />
				<Option object_output="obj/Debug/" />
				<Option type="1" />
				<Option compiler="gcc" />
				<Compiler>
					<Add option="-g" />
					<Add directory="include" />
				</Compiler>
			</Target>
			<Target title="Release">
				<Option output="bin/Release/Mobile Banking System" prefix_auto="1" extension_auto="1" />
				<Option object_output="obj/Release/" />
				<Option type="1" />
				<Option compiler="gcc" />
				<Compiler>
					<Add option="-O2" />
					<Add directory="include" />
				</Compiler>
				<Linker>
					<Add option="-s" />
				</Linker>
			</Target>
		</Build>
		<Compiler>
			<Add option="-Wall" />
			<Add option="-fexceptions" />
		</Compiler>
		<Unit filename="include/Account_Agent.h" />
		<Unit filename="include/Account_User.h" />
		<Unit filename="include/Authority.h" />
		<Unit filename="include/Bank.h" />
		<Unit filename="include/Database.h" />
		<Unit filename="include/Friend_functions.h" />
		<Unit filename="include/Message.h" />
		<Unit filename="include/Operation_Functions.h">
			<Option target="&lt;{~None~}&gt;" />
		</Unit>
		<Unit filename="include/Person.h" />
		<Unit filename="main.cpp" />
		<Unit filename="src/Account_Agent.cpp" />
		<Unit filename="src/Account_User.cpp" />
		<Unit filename="src/Authority.cpp" />
		<Unit filename="src/Bank.cpp" />
		<Unit filename="src/Database.cpp" />
		<Unit filename="src/Message.cpp" />
		<Unit filename="src/Person.cpp" />
		<Extensions>
			<code_completion />
			<envvars />
			<debugger />
		</Extensions>
	</Project>
</CodeBlocks_project_file>
